// !$*UTF8*$!
{
	archiveVersion = 1;
	classes = {
	};
	objectVersion = 56;
	objects = {

/* Begin PBXBuildFile section */
		851E357F2A91317D00C4EB91 /* WorkoutsListView.swift in Sources */ = {isa = PBXBuildFile; fileRef = 851E357E2A91317D00C4EB91 /* WorkoutsListView.swift */; };
		851E35812A9131A000C4EB91 /* AddWorkoutView.swift in Sources */ = {isa = PBXBuildFile; fileRef = 851E35802A9131A000C4EB91 /* AddWorkoutView.swift */; };
		851E35832A9131C400C4EB91 /* ContentView.swift in Sources */ = {isa = PBXBuildFile; fileRef = 851E35822A9131C400C4EB91 /* ContentView.swift */; };
		85AED2D02A9114660069B630 /* MNMLApp.swift in Sources */ = {isa = PBXBuildFile; fileRef = 85AED2CF2A9114660069B630 /* MNMLApp.swift */; };
		85AED2D42A9114670069B630 /* Assets.xcassets in Resources */ = {isa = PBXBuildFile; fileRef = 85AED2D32A9114670069B630 /* Assets.xcassets */; };
		85AED2D72A9114670069B630 /* Preview Assets.xcassets in Resources */ = {isa = PBXBuildFile; fileRef = 85AED2D62A9114670069B630 /* Preview Assets.xcassets */; };
		85AED2D92A9114670069B630 /* Persistence.swift in Sources */ = {isa = PBXBuildFile; fileRef = 85AED2D82A9114670069B630 /* Persistence.swift */; };
		85AED2DC2A9114670069B630 /* MNML.xcdatamodeld in Sources */ = {isa = PBXBuildFile; fileRef = 85AED2DA2A9114670069B630 /* MNML.xcdatamodeld */; };
		85AED2E62A9114670069B630 /* MNMLTests.swift in Sources */ = {isa = PBXBuildFile; fileRef = 85AED2E52A9114670069B630 /* MNMLTests.swift */; };
		85AED2F02A9114670069B630 /* MNMLUITests.swift in Sources */ = {isa = PBXBuildFile; fileRef = 85AED2EF2A9114670069B630 /* MNMLUITests.swift */; };
		85AED2F22A9114670069B630 /* MNMLUITestsLaunchTests.swift in Sources */ = {isa = PBXBuildFile; fileRef = 85AED2F12A9114670069B630 /* MNMLUITestsLaunchTests.swift */; };
/* End PBXBuildFile section */

/* Begin PBXContainerItemProxy section */
		85AED2E22A9114670069B630 /* PBXContainerItemProxy */ = {
			isa = PBXContainerItemProxy;
			containerPortal = 85AED2C42A9114660069B630 /* Project object */;
			proxyType = 1;
			remoteGlobalIDString = 85AED2CB2A9114660069B630;
			remoteInfo = MNML;
		};
		85AED2EC2A9114670069B630 /* PBXContainerItemProxy */ = {
			isa = PBXContainerItemProxy;
			containerPortal = 85AED2C42A9114660069B630 /* Project object */;
			proxyType = 1;
			remoteGlobalIDString = 85AED2CB2A9114660069B630;
			remoteInfo = MNML;
		};
/* End PBXContainerItemProxy section */

/* Begin PBXFileReference section */
		851E357E2A91317D00C4EB91 /* WorkoutsListView.swift */ = {isa = PBXFileReference; lastKnownFileType = sourcecode.swift; path = WorkoutsListView.swift; sourceTree = "<group>"; };
		851E35802A9131A000C4EB91 /* AddWorkoutView.swift */ = {isa = PBXFileReference; lastKnownFileType = sourcecode.swift; path = AddWorkoutView.swift; sourceTree = "<group>"; };
		851E35822A9131C400C4EB91 /* ContentView.swift */ = {isa = PBXFileReference; lastKnownFileType = sourcecode.swift; path = ContentView.swift; sourceTree = "<group>"; };
		85AED2CC2A9114660069B630 /* MNML.app */ = {isa = PBXFileReference; explicitFileType = wrapper.application; includeInIndex = 0; path = MNML.app; sourceTree = BUILT_PRODUCTS_DIR; };
		85AED2CF2A9114660069B630 /* MNMLApp.swift */ = {isa = PBXFileReference; lastKnownFileType = sourcecode.swift; path = MNMLApp.swift; sourceTree = "<group>"; };
		85AED2D32A9114670069B630 /* Assets.xcassets */ = {isa = PBXFileReference; lastKnownFileType = folder.assetcatalog; path = Assets.xcassets; sourceTree = "<group>"; };
		85AED2D62A9114670069B630 /* Preview Assets.xcassets */ = {isa = PBXFileReference; lastKnownFileType = folder.assetcatalog; path = "Preview Assets.xcassets"; sourceTree = "<group>"; };
		85AED2D82A9114670069B630 /* Persistence.swift */ = {isa = PBXFileReference; lastKnownFileType = sourcecode.swift; path = Persistence.swift; sourceTree = "<group>"; };
		85AED2DB2A9114670069B630 /* MNML.xcdatamodel */ = {isa = PBXFileReference; lastKnownFileType = wrapper.xcdatamodel; path = MNML.xcdatamodel; sourceTree = "<group>"; };
		85AED2E12A9114670069B630 /* MNMLTests.xctest */ = {isa = PBXFileReference; explicitFileType = wrapper.cfbundle; includeInIndex = 0; path = MNMLTests.xctest; sourceTree = BUILT_PRODUCTS_DIR; };
		85AED2E52A9114670069B630 /* MNMLTests.swift */ = {isa = PBXFileReference; lastKnownFileType = sourcecode.swift; path = MNMLTests.swift; sourceTree = "<group>"; };
		85AED2EB2A9114670069B630 /* MNMLUITests.xctest */ = {isa = PBXFileReference; explicitFileType = wrapper.cfbundle; includeInIndex = 0; path = MNMLUITests.xctest; sourceTree = BUILT_PRODUCTS_DIR; };
		85AED2EF2A9114670069B630 /* MNMLUITests.swift */ = {isa = PBXFileReference; lastKnownFileType = sourcecode.swift; path = MNMLUITests.swift; sourceTree = "<group>"; };
		85AED2F12A9114670069B630 /* MNMLUITestsLaunchTests.swift */ = {isa = PBXFileReference; lastKnownFileType = sourcecode.swift; path = MNMLUITestsLaunchTests.swift; sourceTree = "<group>"; };
/* End PBXFileReference section */

/* Begin PBXFrameworksBuildPhase section */
		85AED2C92A9114660069B630 /* Frameworks */ = {
			isa = PBXFrameworksBuildPhase;
			buildActionMask = 2147483647;
			files = (
			);
			runOnlyForDeploymentPostprocessing = 0;
		};
		85AED2DE2A9114670069B630 /* Frameworks */ = {
			isa = PBXFrameworksBuildPhase;
			buildActionMask = 2147483647;
			files = (
			);
			runOnlyForDeploymentPostprocessing = 0;
		};
		85AED2E82A9114670069B630 /* Frameworks */ = {
			isa = PBXFrameworksBuildPhase;
			buildActionMask = 2147483647;
			files = (
			);
			runOnlyForDeploymentPostprocessing = 0;
		};
/* End PBXFrameworksBuildPhase section */

/* Begin PBXGroup section */
		85AED2C32A9114660069B630 = {
			isa = PBXGroup;
			children = (
				85AED2CE2A9114660069B630 /* MNML */,
				85AED2E42A9114670069B630 /* MNMLTests */,
				85AED2EE2A9114670069B630 /* MNMLUITests */,
				85AED2CD2A9114660069B630 /* Products */,
			);
			sourceTree = "<group>";
		};
		85AED2CD2A9114660069B630 /* Products */ = {
			isa = PBXGroup;
			children = (
				85AED2CC2A9114660069B630 /* MNML.app */,
				85AED2E12A9114670069B630 /* MNMLTests.xctest */,
				85AED2EB2A9114670069B630 /* MNMLUITests.xctest */,
			);
			name = Products;
			sourceTree = "<group>";
		};
		85AED2CE2A9114660069B630 /* MNML */ = {
			isa = PBXGroup;
			children = (
				85AED2CF2A9114660069B630 /* MNMLApp.swift */,
				85AED2D32A9114670069B630 /* Assets.xcassets */,
				85AED2D82A9114670069B630 /* Persistence.swift */,
				85AED2DA2A9114670069B630 /* MNML.xcdatamodeld */,
				85AED2D52A9114670069B630 /* Preview Content */,
				851E357E2A91317D00C4EB91 /* WorkoutsListView.swift */,
				851E35802A9131A000C4EB91 /* AddWorkoutView.swift */,
				851E35822A9131C400C4EB91 /* ContentView.swift */,
			);
			path = MNML;
			sourceTree = "<group>";
		};
		85AED2D52A9114670069B630 /* Preview Content */ = {
			isa = PBXGroup;
			children = (
				85AED2D62A9114670069B630 /* Preview Assets.xcassets */,
			);
			path = "Preview Content";
			sourceTree = "<group>";
		};
		85AED2E42A9114670069B630 /* MNMLTests */ = {
			isa = PBXGroup;
			children = (
				85AED2E52A9114670069B630 /* MNMLTests.swift */,
			);
			path = MNMLTests;
			sourceTree = "<group>";
		};
		85AED2EE2A9114670069B630 /* MNMLUITests */ = {
			isa = PBXGroup;
			children = (
				85AED2EF2A9114670069B630 /* MNMLUITests.swift */,
				85AED2F12A9114670069B630 /* MNMLUITestsLaunchTests.swift */,
			);
			path = MNMLUITests;
			sourceTree = "<group>";
		};
/* End PBXGroup section */

/* Begin PBXNativeTarget section */
		85AED2CB2A9114660069B630 /* MNML */ = {
			isa = PBXNativeTarget;
			buildConfigurationList = 85AED2F52A9114670069B630 /* Build configuration list for PBXNativeTarget "MNML" */;
			buildPhases = (
				85AED2C82A9114660069B630 /* Sources */,
				85AED2C92A9114660069B630 /* Frameworks */,
				85AED2CA2A9114660069B630 /* Resources */,
			);
			buildRules = (
			);
			dependencies = (
			);
			name = MNML;
			productName = MNML;
			productReference = 85AED2CC2A9114660069B630 /* MNML.app */;
			productType = "com.apple.product-type.application";
		};
		85AED2E02A9114670069B630 /* MNMLTests */ = {
			isa = PBXNativeTarget;
			buildConfigurationList = 85AED2F82A9114670069B630 /* Build configuration list for PBXNativeTarget "MNMLTests" */;
			buildPhases = (
				85AED2DD2A9114670069B630 /* Sources */,
				85AED2DE2A9114670069B630 /* Frameworks */,
				85AED2DF2A9114670069B630 /* Resources */,
			);
			buildRules = (
			);
			dependencies = (
				85AED2E32A9114670069B630 /* PBXTargetDependency */,
			);
			name = MNMLTests;
			productName = MNMLTests;
			productReference = 85AED2E12A9114670069B630 /* MNMLTests.xctest */;
			productType = "com.apple.product-type.bundle.unit-test";
		};
		85AED2EA2A9114670069B630 /* MNMLUITests */ = {
			isa = PBXNativeTarget;
			buildConfigurationList = 85AED2FB2A9114670069B630 /* Build configuration list for PBXNativeTarget "MNMLUITests" */;
			buildPhases = (
				85AED2E72A9114670069B630 /* Sources */,
				85AED2E82A9114670069B630 /* Frameworks */,
				85AED2E92A9114670069B630 /* Resources */,
			);
			buildRules = (
			);
			dependencies = (
				85AED2ED2A9114670069B630 /* PBXTargetDependency */,
			);
			name = MNMLUITests;
			productName = MNMLUITests;
			productReference = 85AED2EB2A9114670069B630 /* MNMLUITests.xctest */;
			productType = "com.apple.product-type.bundle.ui-testing";
		};
/* End PBXNativeTarget section */

/* Begin PBXProject section */
		85AED2C42A9114660069B630 /* Project object */ = {
			isa = PBXProject;
			attributes = {
				BuildIndependentTargetsInParallel = 1;
				LastSwiftUpdateCheck = 1430;
				LastUpgradeCheck = 1430;
				TargetAttributes = {
					85AED2CB2A9114660069B630 = {
						CreatedOnToolsVersion = 14.3.1;
					};
					85AED2E02A9114670069B630 = {
						CreatedOnToolsVersion = 14.3.1;
						TestTargetID = 85AED2CB2A9114660069B630;
					};
					85AED2EA2A9114670069B630 = {
						CreatedOnToolsVersion = 14.3.1;
						TestTargetID = 85AED2CB2A9114660069B630;
					};
				};
			};
			buildConfigurationList = 85AED2C72A9114660069B630 /* Build configuration list for PBXProject "MNML" */;
			compatibilityVersion = "Xcode 14.0";
			developmentRegion = en;
			hasScannedForEncodings = 0;
			knownRegions = (
				en,
				de,
			);
			mainGroup = 85AED2C32A9114660069B630;
			productRefGroup = 85AED2CD2A9114660069B630 /* Products */;
			projectDirPath = "";
			projectRoot = "";
			targets = (
				85AED2CB2A9114660069B630 /* MNML */,
				85AED2E02A9114670069B630 /* MNMLTests */,
				85AED2EA2A9114670069B630 /* MNMLUITests */,
			);
		};
/* End PBXProject section */

/* Begin PBXResourcesBuildPhase section */
		85AED2CA2A9114660069B630 /* Resources */ = {
			isa = PBXResourcesBuildPhase;
			buildActionMask = 2147483647;
			files = (
				85AED2D72A9114670069B630 /* Preview Assets.xcassets in Resources */,
				85AED2D42A9114670069B630 /* Assets.xcassets in Resources */,
			);
			runOnlyForDeploymentPostprocessing = 0;
		};
		85AED2DF2A9114670069B630 /* Resources */ = {
			isa = PBXResourcesBuildPhase;
			buildActionMask = 2147483647;
			files = (
			);
			runOnlyForDeploymentPostprocessing = 0;
		};
		85AED2E92A9114670069B630 /* Resources */ = {
			isa = PBXResourcesBuildPhase;
			buildActionMask = 2147483647;
			files = (
			);
			runOnlyForDeploymentPostprocessing = 0;
		};
/* End PBXResourcesBuildPhase section */

/* Begin PBXSourcesBuildPhase section */
		85AED2C82A9114660069B630 /* Sources */ = {
			isa = PBXSourcesBuildPhase;
			buildActionMask = 2147483647;
			files = (
				85AED2D92A9114670069B630 /* Persistence.swift in Sources */,
				851E35812A9131A000C4EB91 /* AddWorkoutView.swift in Sources */,
				851E35832A9131C400C4EB91 /* ContentView.swift in Sources */,
				85AED2DC2A9114670069B630 /* MNML.xcdatamodeld in Sources */,
				851E357F2A91317D00C4EB91 /* WorkoutsListView.swift in Sources */,
				85AED2D02A9114660069B630 /* MNMLApp.swift in Sources */,
			);
			runOnlyForDeploymentPostprocessing = 0;
		};
		85AED2DD2A9114670069B630 /* Sources */ = {
			isa = PBXSourcesBuildPhase;
			buildActionMask = 2147483647;
			files = (
				85AED2E62A9114670069B630 /* MNMLTests.swift in Sources */,
			);
			runOnlyForDeploymentPostprocessing = 0;
		};
		85AED2E72A9114670069B630 /* Sources */ = {
			isa = PBXSourcesBuildPhase;
			buildActionMask = 2147483647;
			files = (
				85AED2F22A9114670069B630 /* MNMLUITestsLaunchTests.swift in Sources */,
				85AED2F02A9114670069B630 /* MNMLUITests.swift in Sources */,
			);
			runOnlyForDeploymentPostprocessing = 0;
		};
/* End PBXSourcesBuildPhase section */

/* Begin PBXTargetDependency section */
		85AED2E32A9114670069B630 /* PBXTargetDependency */ = {
			isa = PBXTargetDependency;
			target = 85AED2CB2A9114660069B630 /* MNML */;
			targetProxy = 85AED2E22A9114670069B630 /* PBXContainerItemProxy */;
		};
		85AED2ED2A9114670069B630 /* PBXTargetDependency */ = {
			isa = PBXTargetDependency;
			target = 85AED2CB2A9114660069B630 /* MNML */;
			targetProxy = 85AED2EC2A9114670069B630 /* PBXContainerItemProxy */;
		};
/* End PBXTargetDependency section */

/* Begin XCBuildConfiguration section */
		85AED2F32A9114670069B630 /* Debug */ = {
			isa = XCBuildConfiguration;
			buildSettings = {
				ALWAYS_SEARCH_USER_PATHS = NO;
				CLANG_ANALYZER_NONNULL = YES;
				CLANG_ANALYZER_NUMBER_OBJECT_CONVERSION = YES_AGGRESSIVE;
				CLANG_CXX_LANGUAGE_STANDARD = "gnu++20";
				CLANG_ENABLE_MODULES = YES;
				CLANG_ENABLE_OBJC_ARC = YES;
				CLANG_ENABLE_OBJC_WEAK = YES;
				CLANG_WARN_BLOCK_CAPTURE_AUTORELEASING = YES;
				CLANG_WARN_BOOL_CONVERSION = YES;
				CLANG_WARN_COMMA = YES;
				CLANG_WARN_CONSTANT_CONVERSION = YES;
				CLANG_WARN_DEPRECATED_OBJC_IMPLEMENTATIONS = YES;
				CLANG_WARN_DIRECT_OBJC_ISA_USAGE = YES_ERROR;
				CLANG_WARN_DOCUMENTATION_COMMENTS = YES;
				CLANG_WARN_EMPTY_BODY = YES;
				CLANG_WARN_ENUM_CONVERSION = YES;
				CLANG_WARN_INFINITE_RECURSION = YES;
				CLANG_WARN_INT_CONVERSION = YES;
				CLANG_WARN_NON_LITERAL_NULL_CONVERSION = YES;
				CLANG_WARN_OBJC_IMPLICIT_RETAIN_SELF = YES;
				CLANG_WARN_OBJC_LITERAL_CONVERSION = YES;
				CLANG_WARN_OBJC_ROOT_CLASS = YES_ERROR;
				CLANG_WARN_QUOTED_INCLUDE_IN_FRAMEWORK_HEADER = YES;
				CLANG_WARN_RANGE_LOOP_ANALYSIS = YES;
				CLANG_WARN_STRICT_PROTOTYPES = YES;
				CLANG_WARN_SUSPICIOUS_MOVE = YES;
				CLANG_WARN_UNGUARDED_AVAILABILITY = YES_AGGRESSIVE;
				CLANG_WARN_UNREACHABLE_CODE = YES;
				CLANG_WARN__DUPLICATE_METHOD_MATCH = YES;
				COPY_PHASE_STRIP = NO;
				DEBUG_INFORMATION_FORMAT = dwarf;
				ENABLE_STRICT_OBJC_MSGSEND = YES;
				ENABLE_TESTABILITY = YES;
				GCC_C_LANGUAGE_STANDARD = gnu11;
				GCC_DYNAMIC_NO_PIC = NO;
				GCC_NO_COMMON_BLOCKS = YES;
				GCC_OPTIMIZATION_LEVEL = 0;
				GCC_PREPROCESSOR_DEFINITIONS = (
					"DEBUG=1",
					"$(inherited)",
				);
				GCC_WARN_64_TO_32_BIT_CONVERSION = YES;
				GCC_WARN_ABOUT_RETURN_TYPE = YES_ERROR;
				GCC_WARN_UNDECLARED_SELECTOR = YES;
				GCC_WARN_UNINITIALIZED_AUTOS = YES_AGGRESSIVE;
				GCC_WARN_UNUSED_FUNCTION = YES;
				GCC_WARN_UNUSED_VARIABLE = YES;
				IPHONEOS_DEPLOYMENT_TARGET = 16.4;
				MTL_ENABLE_DEBUG_INFO = INCLUDE_SOURCE;
				MTL_FAST_MATH = YES;
				ONLY_ACTIVE_ARCH = YES;
				SDKROOT = iphoneos;
				SWIFT_ACTIVE_COMPILATION_CONDITIONS = DEBUG;
				SWIFT_OPTIMIZATION_LEVEL = "-Onone";
			};
			name = Debug;
		};
		85AED2F42A9114670069B630 /* Release */ = {
			isa = XCBuildConfiguration;
			buildSettings = {
				ALWAYS_SEARCH_USER_PATHS = NO;
				CLANG_ANALYZER_NONNULL = YES;
				CLANG_ANALYZER_NUMBER_OBJECT_CONVERSION = YES_AGGRESSIVE;
				CLANG_CXX_LANGUAGE_STANDARD = "gnu++20";
				CLANG_ENABLE_MODULES = YES;
				CLANG_ENABLE_OBJC_ARC = YES;
				CLANG_ENABLE_OBJC_WEAK = YES;
				CLANG_WARN_BLOCK_CAPTURE_AUTORELEASING = YES;
				CLANG_WARN_BOOL_CONVERSION = YES;
				CLANG_WARN_COMMA = YES;
				CLANG_WARN_CONSTANT_CONVERSION = YES;
				CLANG_WARN_DEPRECATED_OBJC_IMPLEMENTATIONS = YES;
				CLANG_WARN_DIRECT_OBJC_ISA_USAGE = YES_ERROR;
				CLANG_WARN_DOCUMENTATION_COMMENTS = YES;
				CLANG_WARN_EMPTY_BODY = YES;
				CLANG_WARN_ENUM_CONVERSION = YES;
				CLANG_WARN_INFINITE_RECURSION = YES;
				CLANG_WARN_INT_CONVERSION = YES;
				CLANG_WARN_NON_LITERAL_NULL_CONVERSION = YES;
				CLANG_WARN_OBJC_IMPLICIT_RETAIN_SELF = YES;
				CLANG_WARN_OBJC_LITERAL_CONVERSION = YES;
				CLANG_WARN_OBJC_ROOT_CLASS = YES_ERROR;
				CLANG_WARN_QUOTED_INCLUDE_IN_FRAMEWORK_HEADER = YES;
				CLANG_WARN_RANGE_LOOP_ANALYSIS = YES;
				CLANG_WARN_STRICT_PROTOTYPES = YES;
				CLANG_WARN_SUSPICIOUS_MOVE = YES;
				CLANG_WARN_UNGUARDED_AVAILABILITY = YES_AGGRESSIVE;
				CLANG_WARN_UNREACHABLE_CODE = YES;
				CLANG_WARN__DUPLICATE_METHOD_MATCH = YES;
				COPY_PHASE_STRIP = NO;
				DEBUG_INFORMATION_FORMAT = "dwarf-with-dsym";
				ENABLE_NS_ASSERTIONS = NO;
				ENABLE_STRICT_OBJC_MSGSEND = YES;
				GCC_C_LANGUAGE_STANDARD = gnu11;
				GCC_NO_COMMON_BLOCKS = YES;
				GCC_WARN_64_TO_32_BIT_CONVERSION = YES;
				GCC_WARN_ABOUT_RETURN_TYPE = YES_ERROR;
				GCC_WARN_UNDECLARED_SELECTOR = YES;
				GCC_WARN_UNINITIALIZED_AUTOS = YES_AGGRESSIVE;
				GCC_WARN_UNUSED_FUNCTION = YES;
				GCC_WARN_UNUSED_VARIABLE = YES;
				IPHONEOS_DEPLOYMENT_TARGET = 16.4;
				MTL_ENABLE_DEBUG_INFO = NO;
				MTL_FAST_MATH = YES;
				SDKROOT = iphoneos;
				SWIFT_COMPILATION_MODE = wholemodule;
				SWIFT_OPTIMIZATION_LEVEL = "-O";
				VALIDATE_PRODUCT = YES;
			};
			name = Release;
		};
		85AED2F62A9114670069B630 /* Debug */ = {
			isa = XCBuildConfiguration;
			buildSettings = {
				ASSETCATALOG_COMPILER_APPICON_NAME = AppIcon;
				ASSETCATALOG_COMPILER_GLOBAL_ACCENT_COLOR_NAME = AccentColor;
				CODE_SIGN_STYLE = Automatic;
				CURRENT_PROJECT_VERSION = 1;
				DEVELOPMENT_ASSET_PATHS = "\"MNML/Preview Content\"";
				ENABLE_PREVIEWS = YES;
				GENERATE_INFOPLIST_FILE = YES;
				INFOPLIST_KEY_UIApplicationSceneManifest_Generation = YES;
				INFOPLIST_KEY_UIApplicationSupportsIndirectInputEvents = YES;
				INFOPLIST_KEY_UILaunchScreen_Generation = YES;
				INFOPLIST_KEY_UISupportedInterfaceOrientations_iPad = "UIInterfaceOrientationPortrait UIInterfaceOrientationPortraitUpsideDown UIInterfaceOrientationLandscapeLeft UIInterfaceOrientationLandscapeRight";
				INFOPLIST_KEY_UISupportedInterfaceOrientations_iPhone = "UIInterfaceOrientationPortrait UIInterfaceOrientationLandscapeLeft UIInterfaceOrientationLandscapeRight";
				LD_RUNPATH_SEARCH_PATHS = (
					"$(inherited)",
					"@executable_path/Frameworks",
				);
				MARKETING_VERSION = 1.0;
				PRODUCT_BUNDLE_IDENTIFIER = "Finn-RasmusDarge.MNML";
				PRODUCT_NAME = "$(TARGET_NAME)";
				SUPPORTED_PLATFORMS = "iphoneos iphonesimulator";
				SUPPORTS_MACCATALYST = NO;
				SUPPORTS_MAC_DESIGNED_FOR_IPHONE_IPAD = NO;
				SWIFT_EMIT_LOC_STRINGS = YES;
				SWIFT_VERSION = 5.0;
				TARGETED_DEVICE_FAMILY = 1;
			};
			name = Debug;
		};
		85AED2F72A9114670069B630 /* Release */ = {
			isa = XCBuildConfiguration;
			buildSettings = {
				ASSETCATALOG_COMPILER_APPICON_NAME = AppIcon;
				ASSETCATALOG_COMPILER_GLOBAL_ACCENT_COLOR_NAME = AccentColor;
				CODE_SIGN_STYLE = Automatic;
				CURRENT_PROJECT_VERSION = 1;
				DEVELOPMENT_ASSET_PATHS = "\"MNML/Preview Content\"";
				ENABLE_PREVIEWS = YES;
				GENERATE_INFOPLIST_FILE = YES;
				INFOPLIST_KEY_UIApplicationSceneManifest_Generation = YES;
				INFOPLIST_KEY_UIApplicationSupportsIndirectInputEvents = YES;
				INFOPLIST_KEY_UILaunchScreen_Generation = YES;
				INFOPLIST_KEY_UISupportedInterfaceOrientations_iPad = "UIInterfaceOrientationPortrait UIInterfaceOrientationPortraitUpsideDown UIInterfaceOrientationLandscapeLeft UIInterfaceOrientationLandscapeRight";
				INFOPLIST_KEY_UISupportedInterfaceOrientations_iPhone = "UIInterfaceOrientationPortrait UIInterfaceOrientationLandscapeLeft UIInterfaceOrientationLandscapeRight";
				LD_RUNPATH_SEARCH_PATHS = (
					"$(inherited)",
					"@executable_path/Frameworks",
				);
				MARKETING_VERSION = 1.0;
				PRODUCT_BUNDLE_IDENTIFIER = "Finn-RasmusDarge.MNML";
				PRODUCT_NAME = "$(TARGET_NAME)";
				SUPPORTED_PLATFORMS = "iphoneos iphonesimulator";
				SUPPORTS_MACCATALYST = NO;
				SUPPORTS_MAC_DESIGNED_FOR_IPHONE_IPAD = NO;
				SWIFT_EMIT_LOC_STRINGS = YES;
				SWIFT_VERSION = 5.0;
				TARGETED_DEVICE_FAMILY = 1;
			};
			name = Release;
		};
		85AED2F92A9114670069B630 /* Debug */ = {
			isa = XCBuildConfiguration;
			buildSettings = {
				ALWAYS_EMBED_SWIFT_STANDARD_LIBRARIES = YES;
				BUNDLE_LOADER = "$(TEST_HOST)";
				CODE_SIGN_STYLE = Automatic;
				CURRENT_PROJECT_VERSION = 1;
				GENERATE_INFOPLIST_FILE = YES;
				IPHONEOS_DEPLOYMENT_TARGET = 16.4;
				MARKETING_VERSION = 1.0;
				PRODUCT_BUNDLE_IDENTIFIER = "Finn-RasmusDarge.MNMLTests";
				PRODUCT_NAME = "$(TARGET_NAME)";
				SWIFT_EMIT_LOC_STRINGS = NO;
				SWIFT_VERSION = 5.0;
				TARGETED_DEVICE_FAMILY = "1,2";
				TEST_HOST = "$(BUILT_PRODUCTS_DIR)/MNML.app/$(BUNDLE_EXECUTABLE_FOLDER_PATH)/MNML";
			};
			name = Debug;
		};
		85AED2FA2A9114670069B630 /* Release */ = {
			isa = XCBuildConfiguration;
			buildSettings = {
				ALWAYS_EMBED_SWIFT_STANDARD_LIBRARIES = YES;
				BUNDLE_LOADER = "$(TEST_HOST)";
				CODE_SIGN_STYLE = Automatic;
				CURRENT_PROJECT_VERSION = 1;
				GENERATE_INFOPLIST_FILE = YES;
				IPHONEOS_DEPLOYMENT_TARGET = 16.4;
				MARKETING_VERSION = 1.0;
				PRODUCT_BUNDLE_IDENTIFIER = "Finn-RasmusDarge.MNMLTests";
				PRODUCT_NAME = "$(TARGET_NAME)";
				SWIFT_EMIT_LOC_STRINGS = NO;
				SWIFT_VERSION = 5.0;
				TARGETED_DEVICE_FAMILY = "1,2";
				TEST_HOST = "$(BUILT_PRODUCTS_DIR)/MNML.app/$(BUNDLE_EXECUTABLE_FOLDER_PATH)/MNML";
			};
			name = Release;
		};
		85AED2FC2A9114670069B630 /* Debug */ = {
			isa = XCBuildConfiguration;
			buildSettings = {
				ALWAYS_EMBED_SWIFT_STANDARD_LIBRARIES = YES;
				CODE_SIGN_STYLE = Automatic;
				CURRENT_PROJECT_VERSION = 1;
				GENERATE_INFOPLIST_FILE = YES;
				MARKETING_VERSION = 1.0;
				PRODUCT_BUNDLE_IDENTIFIER = "Finn-RasmusDarge.MNMLUITests";
				PRODUCT_NAME = "$(TARGET_NAME)";
				SWIFT_EMIT_LOC_STRINGS = NO;
				SWIFT_VERSION = 5.0;
				TARGETED_DEVICE_FAMILY = "1,2";
				TEST_TARGET_NAME = MNML;
			};
			name = Debug;
		};
		85AED2FD2A9114670069B630 /* Release */ = {
			isa = XCBuildConfiguration;
			buildSettings = {
				ALWAYS_EMBED_SWIFT_STANDARD_LIBRARIES = YES;
				CODE_SIGN_STYLE = Automatic;
				CURRENT_PROJECT_VERSION = 1;
				GENERATE_INFOPLIST_FILE = YES;
				MARKETING_VERSION = 1.0;
				PRODUCT_BUNDLE_IDENTIFIER = "Finn-RasmusDarge.MNMLUITests";
				PRODUCT_NAME = "$(TARGET_NAME)";
				SWIFT_EMIT_LOC_STRINGS = NO;
				SWIFT_VERSION = 5.0;
				TARGETED_DEVICE_FAMILY = "1,2";
				TEST_TARGET_NAME = MNML;
			};
			name = Release;
		};
/* End XCBuildConfiguration section */

/* Begin XCConfigurationList section */
		85AED2C72A9114660069B630 /* Build configuration list for PBXProject "MNML" */ = {
			isa = XCConfigurationList;
			buildConfigurations = (
				85AED2F32A9114670069B630 /* Debug */,
				85AED2F42A9114670069B630 /* Release */,
			);
			defaultConfigurationIsVisible = 0;
			defaultConfigurationName = Release;
		};
		85AED2F52A9114670069B630 /* Build configuration list for PBXNativeTarget "MNML" */ = {
			isa = XCConfigurationList;
			buildConfigurations = (
				85AED2F62A9114670069B630 /* Debug */,
				85AED2F72A9114670069B630 /* Release */,
			);
			defaultConfigurationIsVisible = 0;
			defaultConfigurationName = Release;
		};
		85AED2F82A9114670069B630 /* Build configuration list for PBXNativeTarget "MNMLTests" */ = {
			isa = XCConfigurationList;
			buildConfigurations = (
				85AED2F92A9114670069B630 /* Debug */,
				85AED2FA2A9114670069B630 /* Release */,
			);
			defaultConfigurationIsVisible = 0;
			defaultConfigurationName = Release;
		};
		85AED2FB2A9114670069B630 /* Build configuration list for PBXNativeTarget "MNMLUITests" */ = {
			isa = XCConfigurationList;
			buildConfigurations = (
				85AED2FC2A9114670069B630 /* Debug */,
				85AED2FD2A9114670069B630 /* Release */,
			);
			defaultConfigurationIsVisible = 0;
			defaultConfigurationName = Release;
		};
/* End XCConfigurationList section */

/* Begin XCVersionGroup section */
		85AED2DA2A9114670069B630 /* MNML.xcdatamodeld */ = {
			isa = XCVersionGroup;
			children = (
				85AED2DB2A9114670069B630 /* MNML.xcdatamodel */,
			);
			currentVersion = 85AED2DB2A9114670069B630 /* MNML.xcdatamodel */;
			path = MNML.xcdatamodeld;
			sourceTree = "<group>";
			versionGroupType = wrapper.xcdatamodel;
		};
/* End XCVersionGroup section */
	};
	rootObject = 85AED2C42A9114660069B630 /* Project object */;
}
